// !$*UTF8*$!
{
	archiveVersion = 1;
	classes = {
	};
	objectVersion = 51;
	objects = {

/* Begin PBXBuildFile section */
		294BF82472F6D29E08BC40CA /* Pods_alvingro.framework in Frameworks */ = {isa = PBXBuildFile; fileRef = FA16476DF2D2349E7664532C /* Pods_alvingro.framework */; };
		840E7928266DAFCE005D92A0 /* SeeAllViewController.swift in Sources */ = {isa = PBXBuildFile; fileRef = 840E7927266DAFCE005D92A0 /* SeeAllViewController.swift */; };
		840E792A266DAFD7005D92A0 /* SeeAllViewModel.swift in Sources */ = {isa = PBXBuildFile; fileRef = 840E7929266DAFD7005D92A0 /* SeeAllViewModel.swift */; };
		8443AE952663A52E003AAF1E /* FavouriteViewModel.swift in Sources */ = {isa = PBXBuildFile; fileRef = 8443AE942663A52E003AAF1E /* FavouriteViewModel.swift */; };
		8443AE9A2663A654003AAF1E /* FavouriteTableViewCell.xib in Resources */ = {isa = PBXBuildFile; fileRef = 8443AE982663A654003AAF1E /* FavouriteTableViewCell.xib */; };
		8445B0F02655FD6700044F11 /* ProductCollectionViewCell.swift in Sources */ = {isa = PBXBuildFile; fileRef = 8445B0EE2655FD6700044F11 /* ProductCollectionViewCell.swift */; };
		8445B0F12655FD6700044F11 /* ProductCollectionViewCell.xib in Resources */ = {isa = PBXBuildFile; fileRef = 8445B0EF2655FD6700044F11 /* ProductCollectionViewCell.xib */; };
		8445B0F3265602E600044F11 /* Product.swift in Sources */ = {isa = PBXBuildFile; fileRef = 8445B0F2265602E600044F11 /* Product.swift */; };
		8445B0F52656043E00044F11 /* UIImageView+getImageFromURL.swift in Sources */ = {isa = PBXBuildFile; fileRef = 8445B0F42656043E00044F11 /* UIImageView+getImageFromURL.swift */; };
		8445B10126560ED400044F11 /* HomeViewController.swift in Sources */ = {isa = PBXBuildFile; fileRef = 8445B10026560ED400044F11 /* HomeViewController.swift */; };
		8445B10726560FF700044F11 /* ExploreViewController.swift in Sources */ = {isa = PBXBuildFile; fileRef = 8445B10626560FF700044F11 /* ExploreViewController.swift */; };
		8445B10926560FFF00044F11 /* CartViewController.swift in Sources */ = {isa = PBXBuildFile; fileRef = 8445B10826560FFF00044F11 /* CartViewController.swift */; };
		8445B10D2656101600044F11 /* AccountViewController.swift in Sources */ = {isa = PBXBuildFile; fileRef = 8445B10C2656101600044F11 /* AccountViewController.swift */; };
		8445B10F2656205F00044F11 /* HomeViewModel.swift in Sources */ = {isa = PBXBuildFile; fileRef = 8445B10E2656205F00044F11 /* HomeViewModel.swift */; };
		8445B11C265624D800044F11 /* HomeCategoryCollectionViewCell.swift in Sources */ = {isa = PBXBuildFile; fileRef = 8445B11A265624D800044F11 /* HomeCategoryCollectionViewCell.swift */; };
		8445B11D265624D800044F11 /* HomeCategoryCollectionViewCell.xib in Resources */ = {isa = PBXBuildFile; fileRef = 8445B11B265624D800044F11 /* HomeCategoryCollectionViewCell.xib */; };
		8445B11F26563E7400044F11 /* Voucher.swift in Sources */ = {isa = PBXBuildFile; fileRef = 8445B11E26563E7400044F11 /* Voucher.swift */; };
		8445B12126563F9200044F11 /* Category.swift in Sources */ = {isa = PBXBuildFile; fileRef = 8445B12026563F9200044F11 /* Category.swift */; };
		8445B1252656409200044F11 /* VoucherCollectionViewCell.swift in Sources */ = {isa = PBXBuildFile; fileRef = 8445B1232656409200044F11 /* VoucherCollectionViewCell.swift */; };
		8445B1262656409200044F11 /* VoucherCollectionViewCell.xib in Resources */ = {isa = PBXBuildFile; fileRef = 8445B1242656409200044F11 /* VoucherCollectionViewCell.xib */; };
		8445B1282656592000044F11 /* UINavigationBar+sizeThatFit.swift in Sources */ = {isa = PBXBuildFile; fileRef = 8445B1272656591F00044F11 /* UINavigationBar+sizeThatFit.swift */; };
		8453DEEE2663E4F600C01EBA /* Results+toArray.swift in Sources */ = {isa = PBXBuildFile; fileRef = 8453DEED2663E4F600C01EBA /* Results+toArray.swift */; };
		8453DEFC2663EF3C00C01EBA /* CategoryCollectionViewCell.xib in Resources */ = {isa = PBXBuildFile; fileRef = 8453DEF52663ED6700C01EBA /* CategoryCollectionViewCell.xib */; };
		8453DF032663F23800C01EBA /* CategoryCollectionViewCell.swift in Sources */ = {isa = PBXBuildFile; fileRef = 8453DF022663F23800C01EBA /* CategoryCollectionViewCell.swift */; };
		8453DF042663F25200C01EBA /* FavouriteTableViewCell.swift in Sources */ = {isa = PBXBuildFile; fileRef = 8453DEFD2663F08A00C01EBA /* FavouriteTableViewCell.swift */; };
		8453DF062663F2BB00C01EBA /* FavouriteViewController.swift in Sources */ = {isa = PBXBuildFile; fileRef = 8453DF052663F2BB00C01EBA /* FavouriteViewController.swift */; };
		84930E8626521EFF00CFBD77 /* AppDelegate.swift in Sources */ = {isa = PBXBuildFile; fileRef = 84930E8526521EFF00CFBD77 /* AppDelegate.swift */; };
		84930E8826521EFF00CFBD77 /* SceneDelegate.swift in Sources */ = {isa = PBXBuildFile; fileRef = 84930E8726521EFF00CFBD77 /* SceneDelegate.swift */; };
		84930E8A26521EFF00CFBD77 /* ViewController.swift in Sources */ = {isa = PBXBuildFile; fileRef = 84930E8926521EFF00CFBD77 /* ViewController.swift */; };
		84930E8D26521EFF00CFBD77 /* Main.storyboard in Resources */ = {isa = PBXBuildFile; fileRef = 84930E8B26521EFF00CFBD77 /* Main.storyboard */; };
		84930E8F26521F0000CFBD77 /* Assets.xcassets in Resources */ = {isa = PBXBuildFile; fileRef = 84930E8E26521F0000CFBD77 /* Assets.xcassets */; };
		84930E9226521F0000CFBD77 /* LaunchScreen.storyboard in Resources */ = {isa = PBXBuildFile; fileRef = 84930E9026521F0000CFBD77 /* LaunchScreen.storyboard */; };
		84930E9E26524DEB00CFBD77 /* GoogleService-Info.plist in Resources */ = {isa = PBXBuildFile; fileRef = 84930E9D26524DEB00CFBD77 /* GoogleService-Info.plist */; };
		84930EA126524F4300CFBD77 /* SignInViewController.swift in Sources */ = {isa = PBXBuildFile; fileRef = 84930EA026524F4300CFBD77 /* SignInViewController.swift */; };
		84930EA32652598E00CFBD77 /* Auth.storyboard in Resources */ = {isa = PBXBuildFile; fileRef = 84930EA22652598E00CFBD77 /* Auth.storyboard */; };
		84930EA526525C8700CFBD77 /* NSObject+identifier.swift in Sources */ = {isa = PBXBuildFile; fileRef = 84930EA426525C8700CFBD77 /* NSObject+identifier.swift */; };
		84930EA826525FC500CFBD77 /* SignInViewModel.swift in Sources */ = {isa = PBXBuildFile; fileRef = 84930EA726525FC500CFBD77 /* SignInViewModel.swift */; };
		84930EAB26525FF600CFBD77 /* SignUpViewController.swift in Sources */ = {isa = PBXBuildFile; fileRef = 84930EAA26525FF600CFBD77 /* SignUpViewController.swift */; };
		84930EAD2652600100CFBD77 /* SignUpViewModel.swift in Sources */ = {isa = PBXBuildFile; fileRef = 84930EAC2652600100CFBD77 /* SignUpViewModel.swift */; };
		84930EAF2652686800CFBD77 /* UITextField+underlined.swift in Sources */ = {isa = PBXBuildFile; fileRef = 84930EAE2652686800CFBD77 /* UITextField+underlined.swift */; };
		84930EB126526BBB00CFBD77 /* UIButton+mainButton.swift in Sources */ = {isa = PBXBuildFile; fileRef = 84930EB026526BBB00CFBD77 /* UIButton+mainButton.swift */; };
		849881002665D889007663E1 /* Cart.swift in Sources */ = {isa = PBXBuildFile; fileRef = 849880FF2665D889007663E1 /* Cart.swift */; };
		849881022665DBFA007663E1 /* LikedProduct.swift in Sources */ = {isa = PBXBuildFile; fileRef = 849881012665DBFA007663E1 /* LikedProduct.swift */; };
		849881042666265A007663E1 /* UITableView+setEmptyMessage.swift in Sources */ = {isa = PBXBuildFile; fileRef = 849881032666265A007663E1 /* UITableView+setEmptyMessage.swift */; };
		8498810726663BCE007663E1 /* UICollectionView+setEmptyMessage.swift in Sources */ = {isa = PBXBuildFile; fileRef = 8498810626663BCE007663E1 /* UICollectionView+setEmptyMessage.swift */; };
		849FF8BC26676D8900F4802B /* MyColor.swift in Sources */ = {isa = PBXBuildFile; fileRef = 849FF8BB26676D8900F4802B /* MyColor.swift */; };
		849FF8BF2667780500F4802B /* CustomTabBar.swift in Sources */ = {isa = PBXBuildFile; fileRef = 849FF8BE2667780500F4802B /* CustomTabBar.swift */; };
		84A0FC012657B7B900880769 /* Brand.swift in Sources */ = {isa = PBXBuildFile; fileRef = 84A0FC002657B7B900880769 /* Brand.swift */; };
		84C423182664B00E00C5596D /* DetailsViewModel.swift in Sources */ = {isa = PBXBuildFile; fileRef = 84C423162664B00E00C5596D /* DetailsViewModel.swift */; };
		84C423192664B00E00C5596D /* DetailsViewController.swift in Sources */ = {isa = PBXBuildFile; fileRef = 84C423172664B00E00C5596D /* DetailsViewController.swift */; };
		84C4231E2664B11F00C5596D /* DetailsCollectionViewCell.swift in Sources */ = {isa = PBXBuildFile; fileRef = 84C4231C2664B11F00C5596D /* DetailsCollectionViewCell.swift */; };
		84C4231F2664B11F00C5596D /* DetailsCollectionViewCell.xib in Resources */ = {isa = PBXBuildFile; fileRef = 84C4231D2664B11F00C5596D /* DetailsCollectionViewCell.xib */; };
		84C423212664E62000C5596D /* User.swift in Sources */ = {isa = PBXBuildFile; fileRef = 84C423202664E62000C5596D /* User.swift */; };
		84C423232664EEC700C5596D /* LocalDatabase.swift in Sources */ = {isa = PBXBuildFile; fileRef = 84C423222664EEC700C5596D /* LocalDatabase.swift */; };
		84C423252664F4CE00C5596D /* UIImage+averageColor.swift in Sources */ = {isa = PBXBuildFile; fileRef = 84C423242664F4CE00C5596D /* UIImage+averageColor.swift */; };
		84D929E02655F23400805092 /* TargetType.swift in Sources */ = {isa = PBXBuildFile; fileRef = 84D929DF2655F23400805092 /* TargetType.swift */; };
		84D929E22655F35D00805092 /* APIManager.swift in Sources */ = {isa = PBXBuildFile; fileRef = 84D929E12655F35D00805092 /* APIManager.swift */; };
		84D929E42655F3B000805092 /* ResponseError.swift in Sources */ = {isa = PBXBuildFile; fileRef = 84D929E32655F3AF00805092 /* ResponseError.swift */; };
		84E3FBFB2661095B00A4E373 /* ExploreViewModel.swift in Sources */ = {isa = PBXBuildFile; fileRef = 84E3FBFA2661095B00A4E373 /* ExploreViewModel.swift */; };
		84E3FC0D2661168000A4E373 /* CartTableViewCell.swift in Sources */ = {isa = PBXBuildFile; fileRef = 84E3FC0B2661168000A4E373 /* CartTableViewCell.swift */; };
		84E3FC0E2661168000A4E373 /* CartTableViewCell.xib in Resources */ = {isa = PBXBuildFile; fileRef = 84E3FC0C2661168000A4E373 /* CartTableViewCell.xib */; };
		84E3FC10266126C800A4E373 /* CartViewModel.swift in Sources */ = {isa = PBXBuildFile; fileRef = 84E3FC0F266126C800A4E373 /* CartViewModel.swift */; };
/* End PBXBuildFile section */

/* Begin PBXFileReference section */
		077E12E08045614AB0EAEAC8 /* Pods-alvingro.release.xcconfig */ = {isa = PBXFileReference; includeInIndex = 1; lastKnownFileType = text.xcconfig; name = "Pods-alvingro.release.xcconfig"; path = "Target Support Files/Pods-alvingro/Pods-alvingro.release.xcconfig"; sourceTree = "<group>"; };
		3C79213ED5EF9B86E8DFAA24 /* Pods-alvingro.debug.xcconfig */ = {isa = PBXFileReference; includeInIndex = 1; lastKnownFileType = text.xcconfig; name = "Pods-alvingro.debug.xcconfig"; path = "Target Support Files/Pods-alvingro/Pods-alvingro.debug.xcconfig"; sourceTree = "<group>"; };
		840E7927266DAFCE005D92A0 /* SeeAllViewController.swift */ = {isa = PBXFileReference; lastKnownFileType = sourcecode.swift; path = SeeAllViewController.swift; sourceTree = "<group>"; };
		840E7929266DAFD7005D92A0 /* SeeAllViewModel.swift */ = {isa = PBXFileReference; lastKnownFileType = sourcecode.swift; path = SeeAllViewModel.swift; sourceTree = "<group>"; };
		8443AE942663A52E003AAF1E /* FavouriteViewModel.swift */ = {isa = PBXFileReference; lastKnownFileType = sourcecode.swift; path = FavouriteViewModel.swift; sourceTree = "<group>"; };
		8443AE982663A654003AAF1E /* FavouriteTableViewCell.xib */ = {isa = PBXFileReference; lastKnownFileType = file.xib; path = FavouriteTableViewCell.xib; sourceTree = "<group>"; };
		8445B0EE2655FD6700044F11 /* ProductCollectionViewCell.swift */ = {isa = PBXFileReference; lastKnownFileType = sourcecode.swift; path = ProductCollectionViewCell.swift; sourceTree = "<group>"; };
		8445B0EF2655FD6700044F11 /* ProductCollectionViewCell.xib */ = {isa = PBXFileReference; lastKnownFileType = file.xib; path = ProductCollectionViewCell.xib; sourceTree = "<group>"; };
		8445B0F2265602E600044F11 /* Product.swift */ = {isa = PBXFileReference; lastKnownFileType = sourcecode.swift; path = Product.swift; sourceTree = "<group>"; };
		8445B0F42656043E00044F11 /* UIImageView+getImageFromURL.swift */ = {isa = PBXFileReference; lastKnownFileType = sourcecode.swift; path = "UIImageView+getImageFromURL.swift"; sourceTree = "<group>"; };
		8445B10026560ED400044F11 /* HomeViewController.swift */ = {isa = PBXFileReference; lastKnownFileType = sourcecode.swift; path = HomeViewController.swift; sourceTree = "<group>"; };
		8445B10626560FF700044F11 /* ExploreViewController.swift */ = {isa = PBXFileReference; lastKnownFileType = sourcecode.swift; path = ExploreViewController.swift; sourceTree = "<group>"; };
		8445B10826560FFF00044F11 /* CartViewController.swift */ = {isa = PBXFileReference; lastKnownFileType = sourcecode.swift; path = CartViewController.swift; sourceTree = "<group>"; };
		8445B10C2656101600044F11 /* AccountViewController.swift */ = {isa = PBXFileReference; lastKnownFileType = sourcecode.swift; path = AccountViewController.swift; sourceTree = "<group>"; };
		8445B10E2656205F00044F11 /* HomeViewModel.swift */ = {isa = PBXFileReference; lastKnownFileType = sourcecode.swift; path = HomeViewModel.swift; sourceTree = "<group>"; };
		8445B11A265624D800044F11 /* HomeCategoryCollectionViewCell.swift */ = {isa = PBXFileReference; lastKnownFileType = sourcecode.swift; name = HomeCategoryCollectionViewCell.swift; path = ../../../../../../../../../Documents/HomeCategoryCollectionViewCell.swift; sourceTree = "<group>"; };
		8445B11B265624D800044F11 /* HomeCategoryCollectionViewCell.xib */ = {isa = PBXFileReference; lastKnownFileType = file.xib; name = HomeCategoryCollectionViewCell.xib; path = ../../../../../../../../../Documents/HomeCategoryCollectionViewCell.xib; sourceTree = "<group>"; };
		8445B11E26563E7400044F11 /* Voucher.swift */ = {isa = PBXFileReference; lastKnownFileType = sourcecode.swift; path = Voucher.swift; sourceTree = "<group>"; };
		8445B12026563F9200044F11 /* Category.swift */ = {isa = PBXFileReference; lastKnownFileType = sourcecode.swift; path = Category.swift; sourceTree = "<group>"; };
		8445B1232656409200044F11 /* VoucherCollectionViewCell.swift */ = {isa = PBXFileReference; lastKnownFileType = sourcecode.swift; name = VoucherCollectionViewCell.swift; path = alvingro/Data/VoucherCollectionViewCell.swift; sourceTree = SOURCE_ROOT; };
		8445B1242656409200044F11 /* VoucherCollectionViewCell.xib */ = {isa = PBXFileReference; lastKnownFileType = file.xib; name = VoucherCollectionViewCell.xib; path = alvingro/Data/VoucherCollectionViewCell.xib; sourceTree = SOURCE_ROOT; };
		8445B1272656591F00044F11 /* UINavigationBar+sizeThatFit.swift */ = {isa = PBXFileReference; lastKnownFileType = sourcecode.swift; path = "UINavigationBar+sizeThatFit.swift"; sourceTree = "<group>"; };
		8453DEED2663E4F600C01EBA /* Results+toArray.swift */ = {isa = PBXFileReference; lastKnownFileType = sourcecode.swift; path = "Results+toArray.swift"; sourceTree = "<group>"; };
		8453DEF52663ED6700C01EBA /* CategoryCollectionViewCell.xib */ = {isa = PBXFileReference; fileEncoding = 4; lastKnownFileType = file.xib; path = CategoryCollectionViewCell.xib; sourceTree = "<group>"; };
		8453DEFD2663F08A00C01EBA /* FavouriteTableViewCell.swift */ = {isa = PBXFileReference; lastKnownFileType = sourcecode.swift; path = FavouriteTableViewCell.swift; sourceTree = "<group>"; };
		8453DF022663F23800C01EBA /* CategoryCollectionViewCell.swift */ = {isa = PBXFileReference; fileEncoding = 4; lastKnownFileType = sourcecode.swift; path = CategoryCollectionViewCell.swift; sourceTree = "<group>"; };
		8453DF052663F2BB00C01EBA /* FavouriteViewController.swift */ = {isa = PBXFileReference; fileEncoding = 4; lastKnownFileType = sourcecode.swift; path = FavouriteViewController.swift; sourceTree = "<group>"; };
		84930E8226521EFF00CFBD77 /* alvingro.app */ = {isa = PBXFileReference; explicitFileType = wrapper.application; includeInIndex = 0; path = alvingro.app; sourceTree = BUILT_PRODUCTS_DIR; };
		84930E8526521EFF00CFBD77 /* AppDelegate.swift */ = {isa = PBXFileReference; lastKnownFileType = sourcecode.swift; path = AppDelegate.swift; sourceTree = "<group>"; };
		84930E8726521EFF00CFBD77 /* SceneDelegate.swift */ = {isa = PBXFileReference; lastKnownFileType = sourcecode.swift; path = SceneDelegate.swift; sourceTree = "<group>"; };
		84930E8926521EFF00CFBD77 /* ViewController.swift */ = {isa = PBXFileReference; lastKnownFileType = sourcecode.swift; path = ViewController.swift; sourceTree = "<group>"; };
		84930E8C26521EFF00CFBD77 /* Base */ = {isa = PBXFileReference; lastKnownFileType = file.storyboard; name = Base; path = Base.lproj/Main.storyboard; sourceTree = "<group>"; };
		84930E8E26521F0000CFBD77 /* Assets.xcassets */ = {isa = PBXFileReference; lastKnownFileType = folder.assetcatalog; path = Assets.xcassets; sourceTree = "<group>"; };
		84930E9126521F0000CFBD77 /* Base */ = {isa = PBXFileReference; lastKnownFileType = file.storyboard; name = Base; path = Base.lproj/LaunchScreen.storyboard; sourceTree = "<group>"; };
		84930E9326521F0000CFBD77 /* Info.plist */ = {isa = PBXFileReference; lastKnownFileType = text.plist.xml; path = Info.plist; sourceTree = "<group>"; };
		84930E9D26524DEB00CFBD77 /* GoogleService-Info.plist */ = {isa = PBXFileReference; fileEncoding = 4; lastKnownFileType = text.plist.xml; path = "GoogleService-Info.plist"; sourceTree = "<group>"; };
		84930EA026524F4300CFBD77 /* SignInViewController.swift */ = {isa = PBXFileReference; lastKnownFileType = sourcecode.swift; path = SignInViewController.swift; sourceTree = "<group>"; };
		84930EA22652598E00CFBD77 /* Auth.storyboard */ = {isa = PBXFileReference; lastKnownFileType = file.storyboard; path = Auth.storyboard; sourceTree = "<group>"; };
		84930EA426525C8700CFBD77 /* NSObject+identifier.swift */ = {isa = PBXFileReference; lastKnownFileType = sourcecode.swift; path = "NSObject+identifier.swift"; sourceTree = "<group>"; };
		84930EA726525FC500CFBD77 /* SignInViewModel.swift */ = {isa = PBXFileReference; lastKnownFileType = sourcecode.swift; path = SignInViewModel.swift; sourceTree = "<group>"; };
		84930EAA26525FF600CFBD77 /* SignUpViewController.swift */ = {isa = PBXFileReference; lastKnownFileType = sourcecode.swift; path = SignUpViewController.swift; sourceTree = "<group>"; };
		84930EAC2652600100CFBD77 /* SignUpViewModel.swift */ = {isa = PBXFileReference; lastKnownFileType = sourcecode.swift; path = SignUpViewModel.swift; sourceTree = "<group>"; };
		84930EAE2652686800CFBD77 /* UITextField+underlined.swift */ = {isa = PBXFileReference; lastKnownFileType = sourcecode.swift; path = "UITextField+underlined.swift"; sourceTree = "<group>"; };
		84930EB026526BBB00CFBD77 /* UIButton+mainButton.swift */ = {isa = PBXFileReference; lastKnownFileType = sourcecode.swift; path = "UIButton+mainButton.swift"; sourceTree = "<group>"; };
		849880FF2665D889007663E1 /* Cart.swift */ = {isa = PBXFileReference; lastKnownFileType = sourcecode.swift; path = Cart.swift; sourceTree = "<group>"; };
		849881012665DBFA007663E1 /* LikedProduct.swift */ = {isa = PBXFileReference; lastKnownFileType = sourcecode.swift; path = LikedProduct.swift; sourceTree = "<group>"; };
		849881032666265A007663E1 /* UITableView+setEmptyMessage.swift */ = {isa = PBXFileReference; lastKnownFileType = sourcecode.swift; path = "UITableView+setEmptyMessage.swift"; sourceTree = "<group>"; };
		8498810626663BCE007663E1 /* UICollectionView+setEmptyMessage.swift */ = {isa = PBXFileReference; lastKnownFileType = sourcecode.swift; path = "UICollectionView+setEmptyMessage.swift"; sourceTree = "<group>"; };
		849FF8BB26676D8900F4802B /* MyColor.swift */ = {isa = PBXFileReference; lastKnownFileType = sourcecode.swift; path = MyColor.swift; sourceTree = "<group>"; };
		849FF8BE2667780500F4802B /* CustomTabBar.swift */ = {isa = PBXFileReference; lastKnownFileType = sourcecode.swift; path = CustomTabBar.swift; sourceTree = "<group>"; };
		84A0FC002657B7B900880769 /* Brand.swift */ = {isa = PBXFileReference; lastKnownFileType = sourcecode.swift; path = Brand.swift; sourceTree = "<group>"; };
		84C423162664B00E00C5596D /* DetailsViewModel.swift */ = {isa = PBXFileReference; fileEncoding = 4; lastKnownFileType = sourcecode.swift; path = DetailsViewModel.swift; sourceTree = "<group>"; };
		84C423172664B00E00C5596D /* DetailsViewController.swift */ = {isa = PBXFileReference; fileEncoding = 4; lastKnownFileType = sourcecode.swift; path = DetailsViewController.swift; sourceTree = "<group>"; };
		84C4231C2664B11F00C5596D /* DetailsCollectionViewCell.swift */ = {isa = PBXFileReference; lastKnownFileType = sourcecode.swift; path = DetailsCollectionViewCell.swift; sourceTree = "<group>"; };
		84C4231D2664B11F00C5596D /* DetailsCollectionViewCell.xib */ = {isa = PBXFileReference; lastKnownFileType = file.xib; path = DetailsCollectionViewCell.xib; sourceTree = "<group>"; };
		84C423202664E62000C5596D /* User.swift */ = {isa = PBXFileReference; lastKnownFileType = sourcecode.swift; path = User.swift; sourceTree = "<group>"; };
		84C423222664EEC700C5596D /* LocalDatabase.swift */ = {isa = PBXFileReference; lastKnownFileType = sourcecode.swift; path = LocalDatabase.swift; sourceTree = "<group>"; };
		84C423242664F4CE00C5596D /* UIImage+averageColor.swift */ = {isa = PBXFileReference; lastKnownFileType = sourcecode.swift; path = "UIImage+averageColor.swift"; sourceTree = "<group>"; };
		84D929DF2655F23400805092 /* TargetType.swift */ = {isa = PBXFileReference; lastKnownFileType = sourcecode.swift; path = TargetType.swift; sourceTree = "<group>"; };
		84D929E12655F35D00805092 /* APIManager.swift */ = {isa = PBXFileReference; lastKnownFileType = sourcecode.swift; path = APIManager.swift; sourceTree = "<group>"; };
		84D929E32655F3AF00805092 /* ResponseError.swift */ = {isa = PBXFileReference; lastKnownFileType = sourcecode.swift; path = ResponseError.swift; sourceTree = "<group>"; };
		84E3FBFA2661095B00A4E373 /* ExploreViewModel.swift */ = {isa = PBXFileReference; lastKnownFileType = sourcecode.swift; path = ExploreViewModel.swift; sourceTree = "<group>"; };
		84E3FBFD266109F700A4E373 /* CategoryCollectionViewCell.swift */ = {isa = PBXFileReference; lastKnownFileType = sourcecode.swift; path = CategoryCollectionViewCell.swift; sourceTree = "<group>"; };
		84E3FBFE266109F700A4E373 /* CategoryCollectionViewCell.xib */ = {isa = PBXFileReference; lastKnownFileType = file.xib; path = CategoryCollectionViewCell.xib; sourceTree = "<group>"; };
		84E3FC0326610FB200A4E373 /* FavouriteViewModel.swift */ = {isa = PBXFileReference; lastKnownFileType = sourcecode.swift; path = FavouriteViewModel.swift; sourceTree = "<group>"; };
		84E3FC062661108F00A4E373 /* FavouriteTableViewCell.swift */ = {isa = PBXFileReference; lastKnownFileType = sourcecode.swift; path = FavouriteTableViewCell.swift; sourceTree = "<group>"; };
		84E3FC072661108F00A4E373 /* FavouriteTableViewCell.xib */ = {isa = PBXFileReference; lastKnownFileType = file.xib; path = FavouriteTableViewCell.xib; sourceTree = "<group>"; };
		84E3FC0B2661168000A4E373 /* CartTableViewCell.swift */ = {isa = PBXFileReference; lastKnownFileType = sourcecode.swift; path = CartTableViewCell.swift; sourceTree = "<group>"; };
		84E3FC0C2661168000A4E373 /* CartTableViewCell.xib */ = {isa = PBXFileReference; lastKnownFileType = file.xib; path = CartTableViewCell.xib; sourceTree = "<group>"; };
		84E3FC0F266126C800A4E373 /* CartViewModel.swift */ = {isa = PBXFileReference; lastKnownFileType = sourcecode.swift; path = CartViewModel.swift; sourceTree = "<group>"; };
		FA16476DF2D2349E7664532C /* Pods_alvingro.framework */ = {isa = PBXFileReference; explicitFileType = wrapper.framework; includeInIndex = 0; path = Pods_alvingro.framework; sourceTree = BUILT_PRODUCTS_DIR; };
/* End PBXFileReference section */

/* Begin PBXFrameworksBuildPhase section */
		84930E7F26521EFF00CFBD77 /* Frameworks */ = {
			isa = PBXFrameworksBuildPhase;
			buildActionMask = 2147483647;
			files = (
				294BF82472F6D29E08BC40CA /* Pods_alvingro.framework in Frameworks */,
			);
			runOnlyForDeploymentPostprocessing = 0;
		};
/* End PBXFrameworksBuildPhase section */

/* Begin PBXGroup section */
		472351AEA5737E9F20E069FA /* Frameworks */ = {
			isa = PBXGroup;
			children = (
				FA16476DF2D2349E7664532C /* Pods_alvingro.framework */,
			);
			name = Frameworks;
			sourceTree = "<group>";
		};
		840E7926266DAF92005D92A0 /* SeeAllView */ = {
			isa = PBXGroup;
			children = (
				840E7927266DAFCE005D92A0 /* SeeAllViewController.swift */,
				840E7929266DAFD7005D92A0 /* SeeAllViewModel.swift */,
			);
			path = SeeAllView;
			sourceTree = "<group>";
		};
		8443AE962663A533003AAF1E /* Parts */ = {
			isa = PBXGroup;
			children = (
				8453DEFD2663F08A00C01EBA /* FavouriteTableViewCell.swift */,
				8443AE982663A654003AAF1E /* FavouriteTableViewCell.xib */,
			);
			path = Parts;
			sourceTree = "<group>";
		};
		8445B0EC2655FD2900044F11 /* ReuseComponents */ = {
			isa = PBXGroup;
			children = (
				8445B0ED2655FD3D00044F11 /* ProductCollectionViewCell */,
			);
			path = ReuseComponents;
			sourceTree = "<group>";
		};
		8445B0ED2655FD3D00044F11 /* ProductCollectionViewCell */ = {
			isa = PBXGroup;
			children = (
				8445B0EE2655FD6700044F11 /* ProductCollectionViewCell.swift */,
				8445B0EF2655FD6700044F11 /* ProductCollectionViewCell.xib */,
			);
			path = ProductCollectionViewCell;
			sourceTree = "<group>";
		};
		8445B0FF26560EB000044F11 /* HomeView */ = {
			isa = PBXGroup;
			children = (
				8445B1182656249D00044F11 /* Parts */,
				8445B10026560ED400044F11 /* HomeViewController.swift */,
				8445B10E2656205F00044F11 /* HomeViewModel.swift */,
			);
			path = HomeView;
			sourceTree = "<group>";
		};
		8445B10226560FC700044F11 /* ExploreView */ = {
			isa = PBXGroup;
			children = (
				8453DEF42663ED5100C01EBA /* Parts */,
				8445B10626560FF700044F11 /* ExploreViewController.swift */,
				84E3FBFA2661095B00A4E373 /* ExploreViewModel.swift */,
			);
			path = ExploreView;
			sourceTree = "<group>";
		};
		8445B10326560FD100044F11 /* CartView */ = {
			isa = PBXGroup;
			children = (
				84E3FC0A2661167300A4E373 /* Parts */,
				8445B10826560FFF00044F11 /* CartViewController.swift */,
				84E3FC0F266126C800A4E373 /* CartViewModel.swift */,
			);
			path = CartView;
			sourceTree = "<group>";
		};
		8445B10426560FD900044F11 /* FavouriteView */ = {
			isa = PBXGroup;
			children = (
				8443AE962663A533003AAF1E /* Parts */,
				8453DF052663F2BB00C01EBA /* FavouriteViewController.swift */,
				8443AE942663A52E003AAF1E /* FavouriteViewModel.swift */,
			);
			path = FavouriteView;
			sourceTree = "<group>";
		};
		8445B10526560FDF00044F11 /* AccountView */ = {
			isa = PBXGroup;
			children = (
				8445B10C2656101600044F11 /* AccountViewController.swift */,
			);
			path = AccountView;
			sourceTree = "<group>";
		};
		8445B1182656249D00044F11 /* Parts */ = {
			isa = PBXGroup;
			children = (
				8445B1222656406600044F11 /* VoucherCollectionViewCell */,
				8445B119265624A500044F11 /* HomeCategoryCollectionViewCell */,
			);
			path = Parts;
			sourceTree = "<group>";
		};
		8445B119265624A500044F11 /* HomeCategoryCollectionViewCell */ = {
			isa = PBXGroup;
			children = (
				8445B11A265624D800044F11 /* HomeCategoryCollectionViewCell.swift */,
				8445B11B265624D800044F11 /* HomeCategoryCollectionViewCell.xib */,
			);
			path = HomeCategoryCollectionViewCell;
			sourceTree = "<group>";
		};
		8445B1222656406600044F11 /* VoucherCollectionViewCell */ = {
			isa = PBXGroup;
			children = (
				8445B1232656409200044F11 /* VoucherCollectionViewCell.swift */,
				8445B1242656409200044F11 /* VoucherCollectionViewCell.xib */,
			);
			path = VoucherCollectionViewCell;
			sourceTree = "<group>";
		};
		8453DEEC2663E10C00C01EBA /* Recovered References */ = {
			isa = PBXGroup;
			children = (
				84E3FC062661108F00A4E373 /* FavouriteTableViewCell.swift */,
				84E3FC0326610FB200A4E373 /* FavouriteViewModel.swift */,
				84E3FBFD266109F700A4E373 /* CategoryCollectionViewCell.swift */,
				84E3FC072661108F00A4E373 /* FavouriteTableViewCell.xib */,
				84E3FBFE266109F700A4E373 /* CategoryCollectionViewCell.xib */,
			);
			name = "Recovered References";
			sourceTree = "<group>";
		};
		8453DEF42663ED5100C01EBA /* Parts */ = {
			isa = PBXGroup;
			children = (
				8453DF022663F23800C01EBA /* CategoryCollectionViewCell.swift */,
				8453DEF52663ED6700C01EBA /* CategoryCollectionViewCell.xib */,
			);
			path = Parts;
			sourceTree = "<group>";
		};
		84930E7926521EFE00CFBD77 = {
			isa = PBXGroup;
			children = (
				84930E8426521EFF00CFBD77 /* alvingro */,
				84930E8326521EFF00CFBD77 /* Products */,
				D04210D14F54D0A84F625A58 /* Pods */,
				472351AEA5737E9F20E069FA /* Frameworks */,
				8453DEEC2663E10C00C01EBA /* Recovered References */,
			);
			sourceTree = "<group>";
		};
		84930E8326521EFF00CFBD77 /* Products */ = {
			isa = PBXGroup;
			children = (
				84930E8226521EFF00CFBD77 /* alvingro.app */,
			);
			name = Products;
			sourceTree = "<group>";
		};
		84930E8426521EFF00CFBD77 /* alvingro */ = {
			isa = PBXGroup;
			children = (
				84930EA626525DDD00CFBD77 /* Storyboard */,
				84930E9C2652204A00CFBD77 /* Networking */,
				84930E9B2652204400CFBD77 /* Extension */,
				84930E9A2652203200CFBD77 /* Data */,
				84930E992652202E00CFBD77 /* UI */,
				84930E8526521EFF00CFBD77 /* AppDelegate.swift */,
				84930E8726521EFF00CFBD77 /* SceneDelegate.swift */,
				84930E8926521EFF00CFBD77 /* ViewController.swift */,
				84930E8E26521F0000CFBD77 /* Assets.xcassets */,
				84930E9026521F0000CFBD77 /* LaunchScreen.storyboard */,
				84930E9D26524DEB00CFBD77 /* GoogleService-Info.plist */,
				84930E9326521F0000CFBD77 /* Info.plist */,
			);
			path = alvingro;
			sourceTree = "<group>";
		};
		84930E992652202E00CFBD77 /* UI */ = {
			isa = PBXGroup;
			children = (
				840E7926266DAF92005D92A0 /* SeeAllView */,
				849FF8BD266777CC00F4802B /* CustomTabBar */,
				84C4231A2664B03300C5596D /* DetailsView */,
				8445B10526560FDF00044F11 /* AccountView */,
				8445B10426560FD900044F11 /* FavouriteView */,
				8445B10326560FD100044F11 /* CartView */,
				8445B10226560FC700044F11 /* ExploreView */,
				8445B0FF26560EB000044F11 /* HomeView */,
				8445B0EC2655FD2900044F11 /* ReuseComponents */,
				84930EA926525FCC00CFBD77 /* SignUpView */,
				84930E9F26524F2900CFBD77 /* SignInView */,
			);
			path = UI;
			sourceTree = "<group>";
		};
		84930E9A2652203200CFBD77 /* Data */ = {
			isa = PBXGroup;
			children = (
				8445B0F2265602E600044F11 /* Product.swift */,
				8445B11E26563E7400044F11 /* Voucher.swift */,
				8445B12026563F9200044F11 /* Category.swift */,
				84A0FC002657B7B900880769 /* Brand.swift */,
				84C423202664E62000C5596D /* User.swift */,
				84C423222664EEC700C5596D /* LocalDatabase.swift */,
				849880FF2665D889007663E1 /* Cart.swift */,
				849881012665DBFA007663E1 /* LikedProduct.swift */,
				849FF8BB26676D8900F4802B /* MyColor.swift */,
			);
			path = Data;
			sourceTree = "<group>";
		};
		84930E9B2652204400CFBD77 /* Extension */ = {
			isa = PBXGroup;
			children = (
				84930EA426525C8700CFBD77 /* NSObject+identifier.swift */,
				84930EAE2652686800CFBD77 /* UITextField+underlined.swift */,
				84930EB026526BBB00CFBD77 /* UIButton+mainButton.swift */,
				8445B0F42656043E00044F11 /* UIImageView+getImageFromURL.swift */,
				8445B1272656591F00044F11 /* UINavigationBar+sizeThatFit.swift */,
				8453DEED2663E4F600C01EBA /* Results+toArray.swift */,
				84C423242664F4CE00C5596D /* UIImage+averageColor.swift */,
				849881032666265A007663E1 /* UITableView+setEmptyMessage.swift */,
				8498810626663BCE007663E1 /* UICollectionView+setEmptyMessage.swift */,
			);
			path = Extension;
			sourceTree = "<group>";
		};
		84930E9C2652204A00CFBD77 /* Networking */ = {
			isa = PBXGroup;
			children = (
				84D929DE2655F21700805092 /* EndPoint */,
				84D929DF2655F23400805092 /* TargetType.swift */,
				84D929E12655F35D00805092 /* APIManager.swift */,
				84D929E32655F3AF00805092 /* ResponseError.swift */,
			);
			path = Networking;
			sourceTree = "<group>";
		};
		84930E9F26524F2900CFBD77 /* SignInView */ = {
			isa = PBXGroup;
			children = (
				84930EA026524F4300CFBD77 /* SignInViewController.swift */,
				84930EA726525FC500CFBD77 /* SignInViewModel.swift */,
			);
			path = SignInView;
			sourceTree = "<group>";
		};
		84930EA626525DDD00CFBD77 /* Storyboard */ = {
			isa = PBXGroup;
			children = (
				84930E8B26521EFF00CFBD77 /* Main.storyboard */,
				84930EA22652598E00CFBD77 /* Auth.storyboard */,
			);
			path = Storyboard;
			sourceTree = "<group>";
		};
		84930EA926525FCC00CFBD77 /* SignUpView */ = {
			isa = PBXGroup;
			children = (
				84930EAA26525FF600CFBD77 /* SignUpViewController.swift */,
				84930EAC2652600100CFBD77 /* SignUpViewModel.swift */,
			);
			path = SignUpView;
			sourceTree = "<group>";
		};
		849FF8BD266777CC00F4802B /* CustomTabBar */ = {
			isa = PBXGroup;
			children = (
				849FF8BE2667780500F4802B /* CustomTabBar.swift */,
			);
			path = CustomTabBar;
			sourceTree = "<group>";
		};
		84C4231A2664B03300C5596D /* DetailsView */ = {
			isa = PBXGroup;
			children = (
				84C4231B2664B0FC00C5596D /* Parts */,
				84C423172664B00E00C5596D /* DetailsViewController.swift */,
				84C423162664B00E00C5596D /* DetailsViewModel.swift */,
			);
			path = DetailsView;
			sourceTree = "<group>";
		};
		84C4231B2664B0FC00C5596D /* Parts */ = {
			isa = PBXGroup;
			children = (
				84C4231C2664B11F00C5596D /* DetailsCollectionViewCell.swift */,
				84C4231D2664B11F00C5596D /* DetailsCollectionViewCell.xib */,
			);
			path = Parts;
			sourceTree = "<group>";
		};
		84D929DE2655F21700805092 /* EndPoint */ = {
			isa = PBXGroup;
			children = (
			);
			path = EndPoint;
			sourceTree = "<group>";
		};
		84E3FC0A2661167300A4E373 /* Parts */ = {
			isa = PBXGroup;
			children = (
				84E3FC0B2661168000A4E373 /* CartTableViewCell.swift */,
				84E3FC0C2661168000A4E373 /* CartTableViewCell.xib */,
			);
			path = Parts;
			sourceTree = "<group>";
		};
		D04210D14F54D0A84F625A58 /* Pods */ = {
			isa = PBXGroup;
			children = (
				3C79213ED5EF9B86E8DFAA24 /* Pods-alvingro.debug.xcconfig */,
				077E12E08045614AB0EAEAC8 /* Pods-alvingro.release.xcconfig */,
			);
			path = Pods;
			sourceTree = "<group>";
		};
/* End PBXGroup section */

/* Begin PBXNativeTarget section */
		84930E8126521EFF00CFBD77 /* alvingro */ = {
			isa = PBXNativeTarget;
			buildConfigurationList = 84930E9626521F0000CFBD77 /* Build configuration list for PBXNativeTarget "alvingro" */;
			buildPhases = (
				E3F38856BF13DC362D40E06E /* [CP] Check Pods Manifest.lock */,
				84930E7E26521EFF00CFBD77 /* Sources */,
				84930E7F26521EFF00CFBD77 /* Frameworks */,
				84930E8026521EFF00CFBD77 /* Resources */,
				038C5F04E5F4F5E88E713374 /* [CP] Embed Pods Frameworks */,
			);
			buildRules = (
			);
			dependencies = (
			);
			name = alvingro;
			productName = alvingro;
			productReference = 84930E8226521EFF00CFBD77 /* alvingro.app */;
			productType = "com.apple.product-type.application";
		};
/* End PBXNativeTarget section */

/* Begin PBXProject section */
		84930E7A26521EFE00CFBD77 /* Project object */ = {
			isa = PBXProject;
			attributes = {
				LastSwiftUpdateCheck = 1250;
				LastUpgradeCheck = 1250;
				TargetAttributes = {
					84930E8126521EFF00CFBD77 = {
						CreatedOnToolsVersion = 12.5;
					};
				};
			};
			buildConfigurationList = 84930E7D26521EFE00CFBD77 /* Build configuration list for PBXProject "alvingro" */;
			compatibilityVersion = "Xcode 9.3";
			developmentRegion = en;
			hasScannedForEncodings = 0;
			knownRegions = (
				en,
				Base,
			);
			mainGroup = 84930E7926521EFE00CFBD77;
			productRefGroup = 84930E8326521EFF00CFBD77 /* Products */;
			projectDirPath = "";
			projectRoot = "";
			targets = (
				84930E8126521EFF00CFBD77 /* alvingro */,
			);
		};
/* End PBXProject section */

/* Begin PBXResourcesBuildPhase section */
		84930E8026521EFF00CFBD77 /* Resources */ = {
			isa = PBXResourcesBuildPhase;
			buildActionMask = 2147483647;
			files = (
				8453DEFC2663EF3C00C01EBA /* CategoryCollectionViewCell.xib in Resources */,
				8443AE9A2663A654003AAF1E /* FavouriteTableViewCell.xib in Resources */,
				84E3FC0E2661168000A4E373 /* CartTableViewCell.xib in Resources */,
				84930E9226521F0000CFBD77 /* LaunchScreen.storyboard in Resources */,
				8445B1262656409200044F11 /* VoucherCollectionViewCell.xib in Resources */,
				8445B11D265624D800044F11 /* HomeCategoryCollectionViewCell.xib in Resources */,
				84930E9E26524DEB00CFBD77 /* GoogleService-Info.plist in Resources */,
				8445B0F12655FD6700044F11 /* ProductCollectionViewCell.xib in Resources */,
				84930E8F26521F0000CFBD77 /* Assets.xcassets in Resources */,
				84930E8D26521EFF00CFBD77 /* Main.storyboard in Resources */,
				84930EA32652598E00CFBD77 /* Auth.storyboard in Resources */,
				84C4231F2664B11F00C5596D /* DetailsCollectionViewCell.xib in Resources */,
			);
			runOnlyForDeploymentPostprocessing = 0;
		};
/* End PBXResourcesBuildPhase section */

/* Begin PBXShellScriptBuildPhase section */
		038C5F04E5F4F5E88E713374 /* [CP] Embed Pods Frameworks */ = {
			isa = PBXShellScriptBuildPhase;
			buildActionMask = 2147483647;
			files = (
			);
			inputFileListPaths = (
				"${PODS_ROOT}/Target Support Files/Pods-alvingro/Pods-alvingro-frameworks-${CONFIGURATION}-input-files.xcfilelist",
			);
			name = "[CP] Embed Pods Frameworks";
			outputFileListPaths = (
				"${PODS_ROOT}/Target Support Files/Pods-alvingro/Pods-alvingro-frameworks-${CONFIGURATION}-output-files.xcfilelist",
			);
			runOnlyForDeploymentPostprocessing = 0;
			shellPath = /bin/sh;
			shellScript = "\"${PODS_ROOT}/Target Support Files/Pods-alvingro/Pods-alvingro-frameworks.sh\"\n";
			showEnvVarsInLog = 0;
		};
		E3F38856BF13DC362D40E06E /* [CP] Check Pods Manifest.lock */ = {
			isa = PBXShellScriptBuildPhase;
			buildActionMask = 2147483647;
			files = (
			);
			inputFileListPaths = (
			);
			inputPaths = (
				"${PODS_PODFILE_DIR_PATH}/Podfile.lock",
				"${PODS_ROOT}/Manifest.lock",
			);
			name = "[CP] Check Pods Manifest.lock";
			outputFileListPaths = (
			);
			outputPaths = (
				"$(DERIVED_FILE_DIR)/Pods-alvingro-checkManifestLockResult.txt",
			);
			runOnlyForDeploymentPostprocessing = 0;
			shellPath = /bin/sh;
			shellScript = "diff \"${PODS_PODFILE_DIR_PATH}/Podfile.lock\" \"${PODS_ROOT}/Manifest.lock\" > /dev/null\nif [ $? != 0 ] ; then\n    # print error to STDERR\n    echo \"error: The sandbox is not in sync with the Podfile.lock. Run 'pod install' or update your CocoaPods installation.\" >&2\n    exit 1\nfi\n# This output is used by Xcode 'outputs' to avoid re-running this script phase.\necho \"SUCCESS\" > \"${SCRIPT_OUTPUT_FILE_0}\"\n";
			showEnvVarsInLog = 0;
		};
/* End PBXShellScriptBuildPhase section */

/* Begin PBXSourcesBuildPhase section */
		84930E7E26521EFF00CFBD77 /* Sources */ = {
			isa = PBXSourcesBuildPhase;
			buildActionMask = 2147483647;
			files = (
				849FF8BF2667780500F4802B /* CustomTabBar.swift in Sources */,
				849881002665D889007663E1 /* Cart.swift in Sources */,
				8443AE952663A52E003AAF1E /* FavouriteViewModel.swift in Sources */,
				8453DF032663F23800C01EBA /* CategoryCollectionViewCell.swift in Sources */,
				84D929E22655F35D00805092 /* APIManager.swift in Sources */,
				8445B1252656409200044F11 /* VoucherCollectionViewCell.swift in Sources */,
				8453DF062663F2BB00C01EBA /* FavouriteViewController.swift in Sources */,
				84E3FC0D2661168000A4E373 /* CartTableViewCell.swift in Sources */,
				8453DEEE2663E4F600C01EBA /* Results+toArray.swift in Sources */,
				8445B10F2656205F00044F11 /* HomeViewModel.swift in Sources */,
				849FF8BC26676D8900F4802B /* MyColor.swift in Sources */,
				84C423192664B00E00C5596D /* DetailsViewController.swift in Sources */,
				84930EA126524F4300CFBD77 /* SignInViewController.swift in Sources */,
				8445B10D2656101600044F11 /* AccountViewController.swift in Sources */,
				84E3FC10266126C800A4E373 /* CartViewModel.swift in Sources */,
				8445B0F3265602E600044F11 /* Product.swift in Sources */,
				8445B10126560ED400044F11 /* HomeViewController.swift in Sources */,
				849881022665DBFA007663E1 /* LikedProduct.swift in Sources */,
				8445B0F02655FD6700044F11 /* ProductCollectionViewCell.swift in Sources */,
				84930EAB26525FF600CFBD77 /* SignUpViewController.swift in Sources */,
				84930EAD2652600100CFBD77 /* SignUpViewModel.swift in Sources */,
				8445B1282656592000044F11 /* UINavigationBar+sizeThatFit.swift in Sources */,
				849881042666265A007663E1 /* UITableView+setEmptyMessage.swift in Sources */,
				84930EA526525C8700CFBD77 /* NSObject+identifier.swift in Sources */,
				84E3FBFB2661095B00A4E373 /* ExploreViewModel.swift in Sources */,
				8453DF042663F25200C01EBA /* FavouriteTableViewCell.swift in Sources */,
				8445B0F52656043E00044F11 /* UIImageView+getImageFromURL.swift in Sources */,
				8445B10926560FFF00044F11 /* CartViewController.swift in Sources */,
				8445B11F26563E7400044F11 /* Voucher.swift in Sources */,
				8445B11C265624D800044F11 /* HomeCategoryCollectionViewCell.swift in Sources */,
				84C423252664F4CE00C5596D /* UIImage+averageColor.swift in Sources */,
				84930EB126526BBB00CFBD77 /* UIButton+mainButton.swift in Sources */,
				84C423212664E62000C5596D /* User.swift in Sources */,
				84930EA826525FC500CFBD77 /* SignInViewModel.swift in Sources */,
				8445B12126563F9200044F11 /* Category.swift in Sources */,
				84D929E42655F3B000805092 /* ResponseError.swift in Sources */,
				84930E8A26521EFF00CFBD77 /* ViewController.swift in Sources */,
				840E792A266DAFD7005D92A0 /* SeeAllViewModel.swift in Sources */,
				84930E8626521EFF00CFBD77 /* AppDelegate.swift in Sources */,
				84C4231E2664B11F00C5596D /* DetailsCollectionViewCell.swift in Sources */,
				8445B10726560FF700044F11 /* ExploreViewController.swift in Sources */,
				84930E8826521EFF00CFBD77 /* SceneDelegate.swift in Sources */,
				84A0FC012657B7B900880769 /* Brand.swift in Sources */,
				840E7928266DAFCE005D92A0 /* SeeAllViewController.swift in Sources */,
				84D929E02655F23400805092 /* TargetType.swift in Sources */,
				8498810726663BCE007663E1 /* UICollectionView+setEmptyMessage.swift in Sources */,
				84930EAF2652686800CFBD77 /* UITextField+underlined.swift in Sources */,
				84C423232664EEC700C5596D /* LocalDatabase.swift in Sources */,
				84C423182664B00E00C5596D /* DetailsViewModel.swift in Sources */,
			);
			runOnlyForDeploymentPostprocessing = 0;
		};
/* End PBXSourcesBuildPhase section */

/* Begin PBXVariantGroup section */
		84930E8B26521EFF00CFBD77 /* Main.storyboard */ = {
			isa = PBXVariantGroup;
			children = (
				84930E8C26521EFF00CFBD77 /* Base */,
			);
			name = Main.storyboard;
			sourceTree = "<group>";
		};
		84930E9026521F0000CFBD77 /* LaunchScreen.storyboard */ = {
			isa = PBXVariantGroup;
			children = (
				84930E9126521F0000CFBD77 /* Base */,
			);
			name = LaunchScreen.storyboard;
			sourceTree = "<group>";
		};
/* End PBXVariantGroup section */

/* Begin XCBuildConfiguration section */
		84930E9426521F0000CFBD77 /* Debug */ = {
			isa = XCBuildConfiguration;
			buildSettings = {
				ALWAYS_SEARCH_USER_PATHS = NO;
				CLANG_ANALYZER_NONNULL = YES;
				CLANG_ANALYZER_NUMBER_OBJECT_CONVERSION = YES_AGGRESSIVE;
				CLANG_CXX_LANGUAGE_STANDARD = "gnu++14";
				CLANG_CXX_LIBRARY = "libc++";
				CLANG_ENABLE_MODULES = YES;
				CLANG_ENABLE_OBJC_ARC = YES;
				CLANG_ENABLE_OBJC_WEAK = YES;
				CLANG_WARN_BLOCK_CAPTURE_AUTORELEASING = YES;
				CLANG_WARN_BOOL_CONVERSION = YES;
				CLANG_WARN_COMMA = YES;
				CLANG_WARN_CONSTANT_CONVERSION = YES;
				CLANG_WARN_DEPRECATED_OBJC_IMPLEMENTATIONS = YES;
				CLANG_WARN_DIRECT_OBJC_ISA_USAGE = YES_ERROR;
				CLANG_WARN_DOCUMENTATION_COMMENTS = YES;
				CLANG_WARN_EMPTY_BODY = YES;
				CLANG_WARN_ENUM_CONVERSION = YES;
				CLANG_WARN_INFINITE_RECURSION = YES;
				CLANG_WARN_INT_CONVERSION = YES;
				CLANG_WARN_NON_LITERAL_NULL_CONVERSION = YES;
				CLANG_WARN_OBJC_IMPLICIT_RETAIN_SELF = YES;
				CLANG_WARN_OBJC_LITERAL_CONVERSION = YES;
				CLANG_WARN_OBJC_ROOT_CLASS = YES_ERROR;
				CLANG_WARN_QUOTED_INCLUDE_IN_FRAMEWORK_HEADER = YES;
				CLANG_WARN_RANGE_LOOP_ANALYSIS = YES;
				CLANG_WARN_STRICT_PROTOTYPES = YES;
				CLANG_WARN_SUSPICIOUS_MOVE = YES;
				CLANG_WARN_UNGUARDED_AVAILABILITY = YES_AGGRESSIVE;
				CLANG_WARN_UNREACHABLE_CODE = YES;
				CLANG_WARN__DUPLICATE_METHOD_MATCH = YES;
				COPY_PHASE_STRIP = NO;
				DEBUG_INFORMATION_FORMAT = dwarf;
				ENABLE_STRICT_OBJC_MSGSEND = YES;
				ENABLE_TESTABILITY = YES;
				GCC_C_LANGUAGE_STANDARD = gnu11;
				GCC_DYNAMIC_NO_PIC = NO;
				GCC_NO_COMMON_BLOCKS = YES;
				GCC_OPTIMIZATION_LEVEL = 0;
				GCC_PREPROCESSOR_DEFINITIONS = (
					"DEBUG=1",
					"$(inherited)",
				);
				GCC_WARN_64_TO_32_BIT_CONVERSION = YES;
				GCC_WARN_ABOUT_RETURN_TYPE = YES_ERROR;
				GCC_WARN_UNDECLARED_SELECTOR = YES;
				GCC_WARN_UNINITIALIZED_AUTOS = YES_AGGRESSIVE;
				GCC_WARN_UNUSED_FUNCTION = YES;
				GCC_WARN_UNUSED_VARIABLE = YES;
				IPHONEOS_DEPLOYMENT_TARGET = 14.5;
				MTL_ENABLE_DEBUG_INFO = INCLUDE_SOURCE;
				MTL_FAST_MATH = YES;
				ONLY_ACTIVE_ARCH = YES;
				SDKROOT = iphoneos;
				SWIFT_ACTIVE_COMPILATION_CONDITIONS = DEBUG;
				SWIFT_OPTIMIZATION_LEVEL = "-Onone";
			};
			name = Debug;
		};
		84930E9526521F0000CFBD77 /* Release */ = {
			isa = XCBuildConfiguration;
			buildSettings = {
				ALWAYS_SEARCH_USER_PATHS = NO;
				CLANG_ANALYZER_NONNULL = YES;
				CLANG_ANALYZER_NUMBER_OBJECT_CONVERSION = YES_AGGRESSIVE;
				CLANG_CXX_LANGUAGE_STANDARD = "gnu++14";
				CLANG_CXX_LIBRARY = "libc++";
				CLANG_ENABLE_MODULES = YES;
				CLANG_ENABLE_OBJC_ARC = YES;
				CLANG_ENABLE_OBJC_WEAK = YES;
				CLANG_WARN_BLOCK_CAPTURE_AUTORELEASING = YES;
				CLANG_WARN_BOOL_CONVERSION = YES;
				CLANG_WARN_COMMA = YES;
				CLANG_WARN_CONSTANT_CONVERSION = YES;
				CLANG_WARN_DEPRECATED_OBJC_IMPLEMENTATIONS = YES;
				CLANG_WARN_DIRECT_OBJC_ISA_USAGE = YES_ERROR;
				CLANG_WARN_DOCUMENTATION_COMMENTS = YES;
				CLANG_WARN_EMPTY_BODY = YES;
				CLANG_WARN_ENUM_CONVERSION = YES;
				CLANG_WARN_INFINITE_RECURSION = YES;
				CLANG_WARN_INT_CONVERSION = YES;
				CLANG_WARN_NON_LITERAL_NULL_CONVERSION = YES;
				CLANG_WARN_OBJC_IMPLICIT_RETAIN_SELF = YES;
				CLANG_WARN_OBJC_LITERAL_CONVERSION = YES;
				CLANG_WARN_OBJC_ROOT_CLASS = YES_ERROR;
				CLANG_WARN_QUOTED_INCLUDE_IN_FRAMEWORK_HEADER = YES;
				CLANG_WARN_RANGE_LOOP_ANALYSIS = YES;
				CLANG_WARN_STRICT_PROTOTYPES = YES;
				CLANG_WARN_SUSPICIOUS_MOVE = YES;
				CLANG_WARN_UNGUARDED_AVAILABILITY = YES_AGGRESSIVE;
				CLANG_WARN_UNREACHABLE_CODE = YES;
				CLANG_WARN__DUPLICATE_METHOD_MATCH = YES;
				COPY_PHASE_STRIP = NO;
				DEBUG_INFORMATION_FORMAT = "dwarf-with-dsym";
				ENABLE_NS_ASSERTIONS = NO;
				ENABLE_STRICT_OBJC_MSGSEND = YES;
				GCC_C_LANGUAGE_STANDARD = gnu11;
				GCC_NO_COMMON_BLOCKS = YES;
				GCC_WARN_64_TO_32_BIT_CONVERSION = YES;
				GCC_WARN_ABOUT_RETURN_TYPE = YES_ERROR;
				GCC_WARN_UNDECLARED_SELECTOR = YES;
				GCC_WARN_UNINITIALIZED_AUTOS = YES_AGGRESSIVE;
				GCC_WARN_UNUSED_FUNCTION = YES;
				GCC_WARN_UNUSED_VARIABLE = YES;
				IPHONEOS_DEPLOYMENT_TARGET = 14.5;
				MTL_ENABLE_DEBUG_INFO = NO;
				MTL_FAST_MATH = YES;
				SDKROOT = iphoneos;
				SWIFT_COMPILATION_MODE = wholemodule;
				SWIFT_OPTIMIZATION_LEVEL = "-O";
				VALIDATE_PRODUCT = YES;
			};
			name = Release;
		};
		84930E9726521F0000CFBD77 /* Debug */ = {
			isa = XCBuildConfiguration;
			baseConfigurationReference = 3C79213ED5EF9B86E8DFAA24 /* Pods-alvingro.debug.xcconfig */;
			buildSettings = {
				ASSETCATALOG_COMPILER_APPICON_NAME = AppIcon;
				ASSETCATALOG_COMPILER_GLOBAL_ACCENT_COLOR_NAME = AccentColor;
				CODE_SIGN_STYLE = Automatic;
				DEVELOPMENT_TEAM = L7FP62JQUP;
				INFOPLIST_FILE = alvingro/Info.plist;
				IPHONEOS_DEPLOYMENT_TARGET = 12.1;
				LD_RUNPATH_SEARCH_PATHS = (
					"$(inherited)",
					"@executable_path/Frameworks",
				);
				PRODUCT_BUNDLE_IDENTIFIER = thanhnguyen.alvingro;
				PRODUCT_NAME = "$(TARGET_NAME)";
				SWIFT_VERSION = 5.0;
				TARGETED_DEVICE_FAMILY = "1,2";
			};
			name = Debug;
		};
		84930E9826521F0000CFBD77 /* Release */ = {
			isa = XCBuildConfiguration;
			baseConfigurationReference = 077E12E08045614AB0EAEAC8 /* Pods-alvingro.release.xcconfig */;
			buildSettings = {
				ASSETCATALOG_COMPILER_APPICON_NAME = AppIcon;
				ASSETCATALOG_COMPILER_GLOBAL_ACCENT_COLOR_NAME = AccentColor;
				CODE_SIGN_STYLE = Automatic;
				DEVELOPMENT_TEAM = L7FP62JQUP;
				INFOPLIST_FILE = alvingro/Info.plist;
				IPHONEOS_DEPLOYMENT_TARGET = 12.1;
				LD_RUNPATH_SEARCH_PATHS = (
					"$(inherited)",
					"@executable_path/Frameworks",
				);
				PRODUCT_BUNDLE_IDENTIFIER = thanhnguyen.alvingro;
				PRODUCT_NAME = "$(TARGET_NAME)";
				SWIFT_VERSION = 5.0;
				TARGETED_DEVICE_FAMILY = "1,2";
			};
			name = Release;
		};
/* End XCBuildConfiguration section */

/* Begin XCConfigurationList section */
		84930E7D26521EFE00CFBD77 /* Build configuration list for PBXProject "alvingro" */ = {
			isa = XCConfigurationList;
			buildConfigurations = (
				84930E9426521F0000CFBD77 /* Debug */,
				84930E9526521F0000CFBD77 /* Release */,
			);
			defaultConfigurationIsVisible = 0;
			defaultConfigurationName = Release;
		};
		84930E9626521F0000CFBD77 /* Build configuration list for PBXNativeTarget "alvingro" */ = {
			isa = XCConfigurationList;
			buildConfigurations = (
				84930E9726521F0000CFBD77 /* Debug */,
				84930E9826521F0000CFBD77 /* Release */,
			);
			defaultConfigurationIsVisible = 0;
			defaultConfigurationName = Release;
		};
/* End XCConfigurationList section */
	};
	rootObject = 84930E7A26521EFE00CFBD77 /* Project object */;
}
